
Microsoft Visual Studio Solution File, Format Version 12.00
# Visual Studio Version 17
VisualStudioVersion = 17.11.35219.272
MinimumVisualStudioVersion = 10.0.40219.1
Project("{FAE04EC0-301F-11D3-BF4B-00C04F79EFBC}") = "ConsoleApp37_5", "ConsoleApp37_5.csproj", "{75A0554F-48A7-4913-BECE-59B8EBC94AFB}"
EndProject
Global
	GlobalSection(SolutionConfigurationPlatforms) = preSolution
		Debug|Any CPU = Debug|Any CPU
		Release|Any CPU = Release|Any CPU
	EndGlobalSection
	GlobalSection(ProjectConfigurationPlatforms) = postSolution
		{75A0554F-48A7-4913-BECE-59B8EBC94AFB}.Debug|Any CPU.ActiveCfg = Debug|Any CPU
		{75A0554F-48A7-4913-BECE-59B8EBC94AFB}.Debug|Any CPU.Build.0 = Debug|Any CPU
		{75A0554F-48A7-4913-BECE-59B8EBC94AFB}.Release|Any CPU.ActiveCfg = Release|Any CPU
		{75A0554F-48A7-4913-BECE-59B8EBC94AFB}.Release|Any CPU.Build.0 = Release|Any CPU
	EndGlobalSection
	GlobalSection(SolutionProperties) = preSolution
		HideSolutionNode = FALSE
	EndGlobalSection
	GlobalSection(ExtensibilityGlobals) = postSolution
		SolutionGuid = {206608E8-EBD4-4BEF-9198-0E6FA400ABD5}
	EndGlobalSection
EndGlobal
